
Microsoft Visual Studio Solution File, Format Version 12.00
# Visual Studio Version 16
VisualStudioVersion = 16.0.28922.388
MinimumVisualStudioVersion = 10.0.40219.1
Project("{8BC9CEB8-8B4A-11D0-8D11-00A0C91BC942}") = "ConcurrencyCppConsole", "ConcurrencyCppConsole\ConcurrencyCppConsole.vcxproj", "{1A941899-CA6B-4F19-B876-A29AE70D1358}"
EndProject
Project("{9A19103F-16F7-4668-BE54-9A1E7A4F7556}") = "BlockingQueue", "BlockingQueue\BlockingQueue.csproj", "{6CF91E2E-3F4B-4ADC-9C78-9D2AC2BAE8A6}"
EndProject
Project("{9A19103F-16F7-4668-BE54-9A1E7A4F7556}") = "NetworkingApp", "NetworkingApp\NetworkingApp.csproj", "{0D459A59-D06A-4554-8EC0-AD2C3B649ABE}"
EndProject
Project("{FAE04EC0-301F-11D3-BF4B-00C04F79EFBC}") = "WindowsFormsApp1", "WindowsFormsApp1\WindowsFormsApp1.csproj", "{EF3EE8BF-26C0-41AE-B81A-89FBFC83D4F2}"
EndProject
Project("{FAE04EC0-301F-11D3-BF4B-00C04F79EFBC}") = "MonoGameApp", "MonoGameApp\MonoGameApp.csproj", "{094846C7-C20F-40D0-934B-C1F1B2155720}"
EndProject
Project("{9A19103F-16F7-4668-BE54-9A1E7A4F7556}") = "WebApp", "WebApp\WebApp.csproj", "{132317FF-B7DE-4B61-9248-4C5EC0C7F982}"
EndProject
Project("{8BC9CEB8-8B4A-11D0-8D11-00A0C91BC942}") = "CppAsync", "CppAsync\CppAsync.vcxproj", "{B678DE05-8F6F-4195-9CE3-8C2970F5CAD3}"
EndProject
Project("{9A19103F-16F7-4668-BE54-9A1E7A4F7556}") = "BadRaceConditions", "BadRaceConditions\BadRaceConditions.csproj", "{6221C1A1-AE1C-4289-98A5-4DAAEA363172}"
EndProject
Project("{8BC9CEB8-8B4A-11D0-8D11-00A0C91BC942}") = "RaceConsole", "RaceConsole\RaceConsole.vcxproj", "{EC157C3D-BA0D-4CF6-AAE4-7006C291CB6D}"
	ProjectSection(ProjectDependencies) = postProject
		{06A9272C-FCD9-46E8-88FC-E6C4312AADED} = {06A9272C-FCD9-46E8-88FC-E6C4312AADED}
	EndProjectSection
EndProject
Project("{8BC9CEB8-8B4A-11D0-8D11-00A0C91BC942}") = "Library", "Library\Library.vcxproj", "{06A9272C-FCD9-46E8-88FC-E6C4312AADED}"
EndProject
Project("{9A19103F-16F7-4668-BE54-9A1E7A4F7556}") = "Parallelism", "Parallelism\Parallelism.csproj", "{DEB839D3-1FBD-4394-A643-8D1192F48ADD}"
EndProject
Project("{8BC9CEB8-8B4A-11D0-8D11-00A0C91BC942}") = "ParallelPlus", "ParallelPlus\ParallelPlus.vcxproj", "{B18F6393-EBFE-4B2A-AFC1-7C0CCDC38CF1}"
EndProject
Project("{FAE04EC0-301F-11D3-BF4B-00C04F79EFBC}") = "Host", "Host\Host.csproj", "{58CBFBC2-53DB-40F6-9B04-DB08875A3D08}"
EndProject
Project("{8BC9CEB8-8B4A-11D0-8D11-00A0C91BC942}") = "PipesCpp", "PipesCpp\PipesCpp.vcxproj", "{0CA2E41B-0CD5-412E-BBB8-DD5D8C199FA7}"
EndProject
Project("{9A19103F-16F7-4668-BE54-9A1E7A4F7556}") = "PipeClient", "PipeClient\PipeClient.csproj", "{5795891B-3BBE-4D91-94CD-012D09CEDF05}"
EndProject
Project("{9A19103F-16F7-4668-BE54-9A1E7A4F7556}") = "MemoryMapped", "MemoryMapped\MemoryMapped.csproj", "{A35591EA-7BDC-4249-AF7B-CBEF0E90C9EB}"
EndProject
Project("{FAE04EC0-301F-11D3-BF4B-00C04F79EFBC}") = "Sharp8AsyncStuff", "Sharp8AsyncStuff\Sharp8AsyncStuff.csproj", "{03CD6931-0978-46C0-939F-B1F5342EF211}"
EndProject
Global
	GlobalSection(SolutionConfigurationPlatforms) = preSolution
		Debug|Any CPU = Debug|Any CPU
		Debug|x64 = Debug|x64
		Debug|x86 = Debug|x86
		Release|Any CPU = Release|Any CPU
		Release|x64 = Release|x64
		Release|x86 = Release|x86
	EndGlobalSection
	GlobalSection(ProjectConfigurationPlatforms) = postSolution
		{1A941899-CA6B-4F19-B876-A29AE70D1358}.Debug|Any CPU.ActiveCfg = Debug|Win32
		{1A941899-CA6B-4F19-B876-A29AE70D1358}.Debug|x64.ActiveCfg = Debug|x64
		{1A941899-CA6B-4F19-B876-A29AE70D1358}.Debug|x64.Build.0 = Debug|x64
		{1A941899-CA6B-4F19-B876-A29AE70D1358}.Debug|x86.ActiveCfg = Debug|Win32
		{1A941899-CA6B-4F19-B876-A29AE70D1358}.Debug|x86.Build.0 = Debug|Win32
		{1A941899-CA6B-4F19-B876-A29AE70D1358}.Release|Any CPU.ActiveCfg = Release|Win32
		{1A941899-CA6B-4F19-B876-A29AE70D1358}.Release|x64.ActiveCfg = Release|x64
		{1A941899-CA6B-4F19-B876-A29AE70D1358}.Release|x64.Build.0 = Release|x64
		{1A941899-CA6B-4F19-B876-A29AE70D1358}.Release|x86.ActiveCfg = Release|Win32
		{1A941899-CA6B-4F19-B876-A29AE70D1358}.Release|x86.Build.0 = Release|Win32
		{6CF91E2E-3F4B-4ADC-9C78-9D2AC2BAE8A6}.Debug|Any CPU.ActiveCfg = Debug|Any CPU
		{6CF91E2E-3F4B-4ADC-9C78-9D2AC2BAE8A6}.Debug|Any CPU.Build.0 = Debug|Any CPU
		{6CF91E2E-3F4B-4ADC-9C78-9D2AC2BAE8A6}.Debug|x64.ActiveCfg = Debug|Any CPU
		{6CF91E2E-3F4B-4ADC-9C78-9D2AC2BAE8A6}.Debug|x64.Build.0 = Debug|Any CPU
		{6CF91E2E-3F4B-4ADC-9C78-9D2AC2BAE8A6}.Debug|x86.ActiveCfg = Debug|Any CPU
		{6CF91E2E-3F4B-4ADC-9C78-9D2AC2BAE8A6}.Debug|x86.Build.0 = Debug|Any CPU
		{6CF91E2E-3F4B-4ADC-9C78-9D2AC2BAE8A6}.Release|Any CPU.ActiveCfg = Release|Any CPU
		{6CF91E2E-3F4B-4ADC-9C78-9D2AC2BAE8A6}.Release|Any CPU.Build.0 = Release|Any CPU
		{6CF91E2E-3F4B-4ADC-9C78-9D2AC2BAE8A6}.Release|x64.ActiveCfg = Release|Any CPU
		{6CF91E2E-3F4B-4ADC-9C78-9D2AC2BAE8A6}.Release|x64.Build.0 = Release|Any CPU
		{6CF91E2E-3F4B-4ADC-9C78-9D2AC2BAE8A6}.Release|x86.ActiveCfg = Release|Any CPU
		{6CF91E2E-3F4B-4ADC-9C78-9D2AC2BAE8A6}.Release|x86.Build.0 = Release|Any CPU
		{0D459A59-D06A-4554-8EC0-AD2C3B649ABE}.Debug|Any CPU.ActiveCfg = Debug|Any CPU
		{0D459A59-D06A-4554-8EC0-AD2C3B649ABE}.Debug|Any CPU.Build.0 = Debug|Any CPU
		{0D459A59-D06A-4554-8EC0-AD2C3B649ABE}.Debug|x64.ActiveCfg = Debug|Any CPU
		{0D459A59-D06A-4554-8EC0-AD2C3B649ABE}.Debug|x64.Build.0 = Debug|Any CPU
		{0D459A59-D06A-4554-8EC0-AD2C3B649ABE}.Debug|x86.ActiveCfg = Debug|Any CPU
		{0D459A59-D06A-4554-8EC0-AD2C3B649ABE}.Debug|x86.Build.0 = Debug|Any CPU
		{0D459A59-D06A-4554-8EC0-AD2C3B649ABE}.Release|Any CPU.ActiveCfg = Release|Any CPU
		{0D459A59-D06A-4554-8EC0-AD2C3B649ABE}.Release|Any CPU.Build.0 = Release|Any CPU
		{0D459A59-D06A-4554-8EC0-AD2C3B649ABE}.Release|x64.ActiveCfg = Release|Any CPU
		{0D459A59-D06A-4554-8EC0-AD2C3B649ABE}.Release|x64.Build.0 = Release|Any CPU
		{0D459A59-D06A-4554-8EC0-AD2C3B649ABE}.Release|x86.ActiveCfg = Release|Any CPU
		{0D459A59-D06A-4554-8EC0-AD2C3B649ABE}.Release|x86.Build.0 = Release|Any CPU
		{EF3EE8BF-26C0-41AE-B81A-89FBFC83D4F2}.Debug|Any CPU.ActiveCfg = Debug|Any CPU
		{EF3EE8BF-26C0-41AE-B81A-89FBFC83D4F2}.Debug|Any CPU.Build.0 = Debug|Any CPU
		{EF3EE8BF-26C0-41AE-B81A-89FBFC83D4F2}.Debug|x64.ActiveCfg = Debug|Any CPU
		{EF3EE8BF-26C0-41AE-B81A-89FBFC83D4F2}.Debug|x64.Build.0 = Debug|Any CPU
		{EF3EE8BF-26C0-41AE-B81A-89FBFC83D4F2}.Debug|x86.ActiveCfg = Debug|Any CPU
		{EF3EE8BF-26C0-41AE-B81A-89FBFC83D4F2}.Debug|x86.Build.0 = Debug|Any CPU
		{EF3EE8BF-26C0-41AE-B81A-89FBFC83D4F2}.Release|Any CPU.ActiveCfg = Release|Any CPU
		{EF3EE8BF-26C0-41AE-B81A-89FBFC83D4F2}.Release|Any CPU.Build.0 = Release|Any CPU
		{EF3EE8BF-26C0-41AE-B81A-89FBFC83D4F2}.Release|x64.ActiveCfg = Release|Any CPU
		{EF3EE8BF-26C0-41AE-B81A-89FBFC83D4F2}.Release|x64.Build.0 = Release|Any CPU
		{EF3EE8BF-26C0-41AE-B81A-89FBFC83D4F2}.Release|x86.ActiveCfg = Release|Any CPU
		{EF3EE8BF-26C0-41AE-B81A-89FBFC83D4F2}.Release|x86.Build.0 = Release|Any CPU
		{094846C7-C20F-40D0-934B-C1F1B2155720}.Debug|Any CPU.ActiveCfg = Debug|x86
		{094846C7-C20F-40D0-934B-C1F1B2155720}.Debug|x64.ActiveCfg = Debug|x86
		{094846C7-C20F-40D0-934B-C1F1B2155720}.Debug|x86.ActiveCfg = Debug|x86
		{094846C7-C20F-40D0-934B-C1F1B2155720}.Debug|x86.Build.0 = Debug|x86
		{094846C7-C20F-40D0-934B-C1F1B2155720}.Release|Any CPU.ActiveCfg = Release|x86
		{094846C7-C20F-40D0-934B-C1F1B2155720}.Release|x64.ActiveCfg = Release|x86
		{094846C7-C20F-40D0-934B-C1F1B2155720}.Release|x86.ActiveCfg = Release|x86
		{094846C7-C20F-40D0-934B-C1F1B2155720}.Release|x86.Build.0 = Release|x86
		{132317FF-B7DE-4B61-9248-4C5EC0C7F982}.Debug|Any CPU.ActiveCfg = Debug|Any CPU
		{132317FF-B7DE-4B61-9248-4C5EC0C7F982}.Debug|Any CPU.Build.0 = Debug|Any CPU
		{132317FF-B7DE-4B61-9248-4C5EC0C7F982}.Debug|x64.ActiveCfg = Debug|Any CPU
		{132317FF-B7DE-4B61-9248-4C5EC0C7F982}.Debug|x64.Build.0 = Debug|Any CPU
		{132317FF-B7DE-4B61-9248-4C5EC0C7F982}.Debug|x86.ActiveCfg = Debug|Any CPU
		{132317FF-B7DE-4B61-9248-4C5EC0C7F982}.Debug|x86.Build.0 = Debug|Any CPU
		{132317FF-B7DE-4B61-9248-4C5EC0C7F982}.Release|Any CPU.ActiveCfg = Release|Any CPU
		{132317FF-B7DE-4B61-9248-4C5EC0C7F982}.Release|Any CPU.Build.0 = Release|Any CPU
		{132317FF-B7DE-4B61-9248-4C5EC0C7F982}.Release|x64.ActiveCfg = Release|Any CPU
		{132317FF-B7DE-4B61-9248-4C5EC0C7F982}.Release|x64.Build.0 = Release|Any CPU
		{132317FF-B7DE-4B61-9248-4C5EC0C7F982}.Release|x86.ActiveCfg = Release|Any CPU
		{132317FF-B7DE-4B61-9248-4C5EC0C7F982}.Release|x86.Build.0 = Release|Any CPU
		{B678DE05-8F6F-4195-9CE3-8C2970F5CAD3}.Debug|Any CPU.ActiveCfg = Debug|Win32
		{B678DE05-8F6F-4195-9CE3-8C2970F5CAD3}.Debug|x64.ActiveCfg = Debug|x64
		{B678DE05-8F6F-4195-9CE3-8C2970F5CAD3}.Debug|x64.Build.0 = Debug|x64
		{B678DE05-8F6F-4195-9CE3-8C2970F5CAD3}.Debug|x86.ActiveCfg = Debug|Win32
		{B678DE05-8F6F-4195-9CE3-8C2970F5CAD3}.Debug|x86.Build.0 = Debug|Win32
		{B678DE05-8F6F-4195-9CE3-8C2970F5CAD3}.Release|Any CPU.ActiveCfg = Release|Win32
		{B678DE05-8F6F-4195-9CE3-8C2970F5CAD3}.Release|x64.ActiveCfg = Release|x64
		{B678DE05-8F6F-4195-9CE3-8C2970F5CAD3}.Release|x64.Build.0 = Release|x64
		{B678DE05-8F6F-4195-9CE3-8C2970F5CAD3}.Release|x86.ActiveCfg = Release|Win32
		{B678DE05-8F6F-4195-9CE3-8C2970F5CAD3}.Release|x86.Build.0 = Release|Win32
		{6221C1A1-AE1C-4289-98A5-4DAAEA363172}.Debug|Any CPU.ActiveCfg = Debug|Any CPU
		{6221C1A1-AE1C-4289-98A5-4DAAEA363172}.Debug|Any CPU.Build.0 = Debug|Any CPU
		{6221C1A1-AE1C-4289-98A5-4DAAEA363172}.Debug|x64.ActiveCfg = Debug|Any CPU
		{6221C1A1-AE1C-4289-98A5-4DAAEA363172}.Debug|x64.Build.0 = Debug|Any CPU
		{6221C1A1-AE1C-4289-98A5-4DAAEA363172}.Debug|x86.ActiveCfg = Debug|Any CPU
		{6221C1A1-AE1C-4289-98A5-4DAAEA363172}.Debug|x86.Build.0 = Debug|Any CPU
		{6221C1A1-AE1C-4289-98A5-4DAAEA363172}.Release|Any CPU.ActiveCfg = Release|Any CPU
		{6221C1A1-AE1C-4289-98A5-4DAAEA363172}.Release|Any CPU.Build.0 = Release|Any CPU
		{6221C1A1-AE1C-4289-98A5-4DAAEA363172}.Release|x64.ActiveCfg = Release|Any CPU
		{6221C1A1-AE1C-4289-98A5-4DAAEA363172}.Release|x64.Build.0 = Release|Any CPU
		{6221C1A1-AE1C-4289-98A5-4DAAEA363172}.Release|x86.ActiveCfg = Release|Any CPU
		{6221C1A1-AE1C-4289-98A5-4DAAEA363172}.Release|x86.Build.0 = Release|Any CPU
		{EC157C3D-BA0D-4CF6-AAE4-7006C291CB6D}.Debug|Any CPU.ActiveCfg = Debug|Win32
		{EC157C3D-BA0D-4CF6-AAE4-7006C291CB6D}.Debug|x64.ActiveCfg = Debug|x64
		{EC157C3D-BA0D-4CF6-AAE4-7006C291CB6D}.Debug|x64.Build.0 = Debug|x64
		{EC157C3D-BA0D-4CF6-AAE4-7006C291CB6D}.Debug|x86.ActiveCfg = Debug|Win32
		{EC157C3D-BA0D-4CF6-AAE4-7006C291CB6D}.Debug|x86.Build.0 = Debug|Win32
		{EC157C3D-BA0D-4CF6-AAE4-7006C291CB6D}.Release|Any CPU.ActiveCfg = Release|Win32
		{EC157C3D-BA0D-4CF6-AAE4-7006C291CB6D}.Release|x64.ActiveCfg = Release|x64
		{EC157C3D-BA0D-4CF6-AAE4-7006C291CB6D}.Release|x64.Build.0 = Release|x64
		{EC157C3D-BA0D-4CF6-AAE4-7006C291CB6D}.Release|x86.ActiveCfg = Release|Win32
		{EC157C3D-BA0D-4CF6-AAE4-7006C291CB6D}.Release|x86.Build.0 = Release|Win32
		{06A9272C-FCD9-46E8-88FC-E6C4312AADED}.Debug|Any CPU.ActiveCfg = Debug|Win32
		{06A9272C-FCD9-46E8-88FC-E6C4312AADED}.Debug|x64.ActiveCfg = Debug|x64
		{06A9272C-FCD9-46E8-88FC-E6C4312AADED}.Debug|x64.Build.0 = Debug|x64
		{06A9272C-FCD9-46E8-88FC-E6C4312AADED}.Debug|x86.ActiveCfg = Debug|Win32
		{06A9272C-FCD9-46E8-88FC-E6C4312AADED}.Debug|x86.Build.0 = Debug|Win32
		{06A9272C-FCD9-46E8-88FC-E6C4312AADED}.Release|Any CPU.ActiveCfg = Release|Win32
		{06A9272C-FCD9-46E8-88FC-E6C4312AADED}.Release|x64.ActiveCfg = Release|x64
		{06A9272C-FCD9-46E8-88FC-E6C4312AADED}.Release|x64.Build.0 = Release|x64
		{06A9272C-FCD9-46E8-88FC-E6C4312AADED}.Release|x86.ActiveCfg = Release|Win32
		{06A9272C-FCD9-46E8-88FC-E6C4312AADED}.Release|x86.Build.0 = Release|Win32
		{DEB839D3-1FBD-4394-A643-8D1192F48ADD}.Debug|Any CPU.ActiveCfg = Debug|Any CPU
		{DEB839D3-1FBD-4394-A643-8D1192F48ADD}.Debug|Any CPU.Build.0 = Debug|Any CPU
		{DEB839D3-1FBD-4394-A643-8D1192F48ADD}.Debug|x64.ActiveCfg = Debug|Any CPU
		{DEB839D3-1FBD-4394-A643-8D1192F48ADD}.Debug|x64.Build.0 = Debug|Any CPU
		{DEB839D3-1FBD-4394-A643-8D1192F48ADD}.Debug|x86.ActiveCfg = Debug|Any CPU
		{DEB839D3-1FBD-4394-A643-8D1192F48ADD}.Debug|x86.Build.0 = Debug|Any CPU
		{DEB839D3-1FBD-4394-A643-8D1192F48ADD}.Release|Any CPU.ActiveCfg = Release|Any CPU
		{DEB839D3-1FBD-4394-A643-8D1192F48ADD}.Release|Any CPU.Build.0 = Release|Any CPU
		{DEB839D3-1FBD-4394-A643-8D1192F48ADD}.Release|x64.ActiveCfg = Release|Any CPU
		{DEB839D3-1FBD-4394-A643-8D1192F48ADD}.Release|x64.Build.0 = Release|Any CPU
		{DEB839D3-1FBD-4394-A643-8D1192F48ADD}.Release|x86.ActiveCfg = Release|Any CPU
		{DEB839D3-1FBD-4394-A643-8D1192F48ADD}.Release|x86.Build.0 = Release|Any CPU
		{B18F6393-EBFE-4B2A-AFC1-7C0CCDC38CF1}.Debug|Any CPU.ActiveCfg = Debug|Win32
		{B18F6393-EBFE-4B2A-AFC1-7C0CCDC38CF1}.Debug|x64.ActiveCfg = Debug|x64
		{B18F6393-EBFE-4B2A-AFC1-7C0CCDC38CF1}.Debug|x64.Build.0 = Debug|x64
		{B18F6393-EBFE-4B2A-AFC1-7C0CCDC38CF1}.Debug|x86.ActiveCfg = Debug|Win32
		{B18F6393-EBFE-4B2A-AFC1-7C0CCDC38CF1}.Debug|x86.Build.0 = Debug|Win32
		{B18F6393-EBFE-4B2A-AFC1-7C0CCDC38CF1}.Release|Any CPU.ActiveCfg = Release|Win32
		{B18F6393-EBFE-4B2A-AFC1-7C0CCDC38CF1}.Release|x64.ActiveCfg = Release|x64
		{B18F6393-EBFE-4B2A-AFC1-7C0CCDC38CF1}.Release|x64.Build.0 = Release|x64
		{B18F6393-EBFE-4B2A-AFC1-7C0CCDC38CF1}.Release|x86.ActiveCfg = Release|Win32
		{B18F6393-EBFE-4B2A-AFC1-7C0CCDC38CF1}.Release|x86.Build.0 = Release|Win32
		{58CBFBC2-53DB-40F6-9B04-DB08875A3D08}.Debug|Any CPU.ActiveCfg = Debug|Any CPU
		{58CBFBC2-53DB-40F6-9B04-DB08875A3D08}.Debug|Any CPU.Build.0 = Debug|Any CPU
		{58CBFBC2-53DB-40F6-9B04-DB08875A3D08}.Debug|x64.ActiveCfg = Debug|Any CPU
		{58CBFBC2-53DB-40F6-9B04-DB08875A3D08}.Debug|x64.Build.0 = Debug|Any CPU
		{58CBFBC2-53DB-40F6-9B04-DB08875A3D08}.Debug|x86.ActiveCfg = Debug|Any CPU
		{58CBFBC2-53DB-40F6-9B04-DB08875A3D08}.Debug|x86.Build.0 = Debug|Any CPU
		{58CBFBC2-53DB-40F6-9B04-DB08875A3D08}.Release|Any CPU.ActiveCfg = Release|Any CPU
		{58CBFBC2-53DB-40F6-9B04-DB08875A3D08}.Release|Any CPU.Build.0 = Release|Any CPU
		{58CBFBC2-53DB-40F6-9B04-DB08875A3D08}.Release|x64.ActiveCfg = Release|Any CPU
		{58CBFBC2-53DB-40F6-9B04-DB08875A3D08}.Release|x64.Build.0 = Release|Any CPU
		{58CBFBC2-53DB-40F6-9B04-DB08875A3D08}.Release|x86.ActiveCfg = Release|Any CPU
		{58CBFBC2-53DB-40F6-9B04-DB08875A3D08}.Release|x86.Build.0 = Release|Any CPU
		{0CA2E41B-0CD5-412E-BBB8-DD5D8C199FA7}.Debug|Any CPU.ActiveCfg = Debug|Win32
		{0CA2E41B-0CD5-412E-BBB8-DD5D8C199FA7}.Debug|x64.ActiveCfg = Debug|x64
		{0CA2E41B-0CD5-412E-BBB8-DD5D8C199FA7}.Debug|x64.Build.0 = Debug|x64
		{0CA2E41B-0CD5-412E-BBB8-DD5D8C199FA7}.Debug|x86.ActiveCfg = Debug|Win32
		{0CA2E41B-0CD5-412E-BBB8-DD5D8C199FA7}.Debug|x86.Build.0 = Debug|Win32
		{0CA2E41B-0CD5-412E-BBB8-DD5D8C199FA7}.Release|Any CPU.ActiveCfg = Release|Win32
		{0CA2E41B-0CD5-412E-BBB8-DD5D8C199FA7}.Release|x64.ActiveCfg = Release|x64
		{0CA2E41B-0CD5-412E-BBB8-DD5D8C199FA7}.Release|x64.Build.0 = Release|x64
		{0CA2E41B-0CD5-412E-BBB8-DD5D8C199FA7}.Release|x86.ActiveCfg = Release|Win32
		{0CA2E41B-0CD5-412E-BBB8-DD5D8C199FA7}.Release|x86.Build.0 = Release|Win32
		{5795891B-3BBE-4D91-94CD-012D09CEDF05}.Debug|Any CPU.ActiveCfg = Debug|Any CPU
		{5795891B-3BBE-4D91-94CD-012D09CEDF05}.Debug|Any CPU.Build.0 = Debug|Any CPU
		{5795891B-3BBE-4D91-94CD-012D09CEDF05}.Debug|x64.ActiveCfg = Debug|Any CPU
		{5795891B-3BBE-4D91-94CD-012D09CEDF05}.Debug|x64.Build.0 = Debug|Any CPU
		{5795891B-3BBE-4D91-94CD-012D09CEDF05}.Debug|x86.ActiveCfg = Debug|Any CPU
		{5795891B-3BBE-4D91-94CD-012D09CEDF05}.Debug|x86.Build.0 = Debug|Any CPU
		{5795891B-3BBE-4D91-94CD-012D09CEDF05}.Release|Any CPU.ActiveCfg = Release|Any CPU
		{5795891B-3BBE-4D91-94CD-012D09CEDF05}.Release|Any CPU.Build.0 = Release|Any CPU
		{5795891B-3BBE-4D91-94CD-012D09CEDF05}.Release|x64.ActiveCfg = Release|Any CPU
		{5795891B-3BBE-4D91-94CD-012D09CEDF05}.Release|x64.Build.0 = Release|Any CPU
		{5795891B-3BBE-4D91-94CD-012D09CEDF05}.Release|x86.ActiveCfg = Release|Any CPU
		{5795891B-3BBE-4D91-94CD-012D09CEDF05}.Release|x86.Build.0 = Release|Any CPU
		{A35591EA-7BDC-4249-AF7B-CBEF0E90C9EB}.Debug|Any CPU.ActiveCfg = Debug|Any CPU
		{A35591EA-7BDC-4249-AF7B-CBEF0E90C9EB}.Debug|Any CPU.Build.0 = Debug|Any CPU
		{A35591EA-7BDC-4249-AF7B-CBEF0E90C9EB}.Debug|x64.ActiveCfg = Debug|Any CPU
		{A35591EA-7BDC-4249-AF7B-CBEF0E90C9EB}.Debug|x64.Build.0 = Debug|Any CPU
		{A35591EA-7BDC-4249-AF7B-CBEF0E90C9EB}.Debug|x86.ActiveCfg = Debug|Any CPU
		{A35591EA-7BDC-4249-AF7B-CBEF0E90C9EB}.Debug|x86.Build.0 = Debug|Any CPU
		{A35591EA-7BDC-4249-AF7B-CBEF0E90C9EB}.Release|Any CPU.ActiveCfg = Release|Any CPU
		{A35591EA-7BDC-4249-AF7B-CBEF0E90C9EB}.Release|Any CPU.Build.0 = Release|Any CPU
		{A35591EA-7BDC-4249-AF7B-CBEF0E90C9EB}.Release|x64.ActiveCfg = Release|Any CPU
		{A35591EA-7BDC-4249-AF7B-CBEF0E90C9EB}.Release|x64.Build.0 = Release|Any CPU
		{A35591EA-7BDC-4249-AF7B-CBEF0E90C9EB}.Release|x86.ActiveCfg = Release|Any CPU
		{A35591EA-7BDC-4249-AF7B-CBEF0E90C9EB}.Release|x86.Build.0 = Release|Any CPU
		{03CD6931-0978-46C0-939F-B1F5342EF211}.Debug|Any CPU.ActiveCfg = Debug|Any CPU
		{03CD6931-0978-46C0-939F-B1F5342EF211}.Debug|Any CPU.Build.0 = Debug|Any CPU
		{03CD6931-0978-46C0-939F-B1F5342EF211}.Debug|x64.ActiveCfg = Debug|Any CPU
		{03CD6931-0978-46C0-939F-B1F5342EF211}.Debug|x64.Build.0 = Debug|Any CPU
		{03CD6931-0978-46C0-939F-B1F5342EF211}.Debug|x86.ActiveCfg = Debug|Any CPU
		{03CD6931-0978-46C0-939F-B1F5342EF211}.Debug|x86.Build.0 = Debug|Any CPU
		{03CD6931-0978-46C0-939F-B1F5342EF211}.Release|Any CPU.ActiveCfg = Release|Any CPU
		{03CD6931-0978-46C0-939F-B1F5342EF211}.Release|Any CPU.Build.0 = Release|Any CPU
		{03CD6931-0978-46C0-939F-B1F5342EF211}.Release|x64.ActiveCfg = Release|Any CPU
		{03CD6931-0978-46C0-939F-B1F5342EF211}.Release|x64.Build.0 = Release|Any CPU
		{03CD6931-0978-46C0-939F-B1F5342EF211}.Release|x86.ActiveCfg = Release|Any CPU
		{03CD6931-0978-46C0-939F-B1F5342EF211}.Release|x86.Build.0 = Release|Any CPU
	EndGlobalSection
	GlobalSection(SolutionProperties) = preSolution
		HideSolutionNode = FALSE
	EndGlobalSection
	GlobalSection(ExtensibilityGlobals) = postSolution
		SolutionGuid = {765D0F8C-0F82-4461-B90D-F74B701E9634}
	EndGlobalSection
EndGlobal
